
Microsoft Visual Studio Solution File, Format Version 12.00
# Visual Studio Version 17
VisualStudioVersion = 17.11.35222.181
MinimumVisualStudioVersion = 10.0.40219.1
Project("{FAE04EC0-301F-11D3-BF4B-00C04F79EFBC}") = "BusinessObjects", "BusinessObjects\BusinessObjects.csproj", "{746907C5-80D6-4C19-AAAE-104126E488FD}"
EndProject
Project("{FAE04EC0-301F-11D3-BF4B-00C04F79EFBC}") = "DataAccessLayer", "DataAccessLayer\DataAccessLayer.csproj", "{6E2B463E-8A86-4279-BDE3-0F35CC48A209}"
EndProject
Project("{FAE04EC0-301F-11D3-BF4B-00C04F79EFBC}") = "Repositories", "Repositories\Repositories.csproj", "{528CBD71-D0EA-4B43-9726-2E6508107D49}"
EndProject
Project("{FAE04EC0-301F-11D3-BF4B-00C04F79EFBC}") = "Services", "Services\Services.csproj", "{E08DA974-118B-4501-A7D4-4A1AE183BA63}"
EndProject
Project("{FAE04EC0-301F-11D3-BF4B-00C04F79EFBC}") = "Group1_WPF", "Group1_WPF\Group1_WPF.csproj", "{98BDA92F-E5E6-43E1-9BAE-F6F56F9FC32F}"
EndProject
Global
	GlobalSection(SolutionConfigurationPlatforms) = preSolution
		Debug|Any CPU = Debug|Any CPU
		Release|Any CPU = Release|Any CPU
	EndGlobalSection
	GlobalSection(ProjectConfigurationPlatforms) = postSolution
		{746907C5-80D6-4C19-AAAE-104126E488FD}.Debug|Any CPU.ActiveCfg = Debug|Any CPU
		{746907C5-80D6-4C19-AAAE-104126E488FD}.Debug|Any CPU.Build.0 = Debug|Any CPU
		{746907C5-80D6-4C19-AAAE-104126E488FD}.Release|Any CPU.ActiveCfg = Release|Any CPU
		{746907C5-80D6-4C19-AAAE-104126E488FD}.Release|Any CPU.Build.0 = Release|Any CPU
		{6E2B463E-8A86-4279-BDE3-0F35CC48A209}.Debug|Any CPU.ActiveCfg = Debug|Any CPU
		{6E2B463E-8A86-4279-BDE3-0F35CC48A209}.Debug|Any CPU.Build.0 = Debug|Any CPU
		{6E2B463E-8A86-4279-BDE3-0F35CC48A209}.Release|Any CPU.ActiveCfg = Release|Any CPU
		{6E2B463E-8A86-4279-BDE3-0F35CC48A209}.Release|Any CPU.Build.0 = Release|Any CPU
		{528CBD71-D0EA-4B43-9726-2E6508107D49}.Debug|Any CPU.ActiveCfg = Debug|Any CPU
		{528CBD71-D0EA-4B43-9726-2E6508107D49}.Debug|Any CPU.Build.0 = Debug|Any CPU
		{528CBD71-D0EA-4B43-9726-2E6508107D49}.Release|Any CPU.ActiveCfg = Release|Any CPU
		{528CBD71-D0EA-4B43-9726-2E6508107D49}.Release|Any CPU.Build.0 = Release|Any CPU
		{E08DA974-118B-4501-A7D4-4A1AE183BA63}.Debug|Any CPU.ActiveCfg = Debug|Any CPU
		{E08DA974-118B-4501-A7D4-4A1AE183BA63}.Debug|Any CPU.Build.0 = Debug|Any CPU
		{E08DA974-118B-4501-A7D4-4A1AE183BA63}.Release|Any CPU.ActiveCfg = Release|Any CPU
		{E08DA974-118B-4501-A7D4-4A1AE183BA63}.Release|Any CPU.Build.0 = Release|Any CPU
		{98BDA92F-E5E6-43E1-9BAE-F6F56F9FC32F}.Debug|Any CPU.ActiveCfg = Debug|Any CPU
		{98BDA92F-E5E6-43E1-9BAE-F6F56F9FC32F}.Debug|Any CPU.Build.0 = Debug|Any CPU
		{98BDA92F-E5E6-43E1-9BAE-F6F56F9FC32F}.Release|Any CPU.ActiveCfg = Release|Any CPU
		{98BDA92F-E5E6-43E1-9BAE-F6F56F9FC32F}.Release|Any CPU.Build.0 = Release|Any CPU
	EndGlobalSection
	GlobalSection(SolutionProperties) = preSolution
		HideSolutionNode = FALSE
	EndGlobalSection
	GlobalSection(ExtensibilityGlobals) = postSolution
		SolutionGuid = {974E54F4-F26D-486A-A19F-4B3DC7D6B28B}
	EndGlobalSection
EndGlobal
